
Microsoft Visual Studio Solution File, Format Version 12.00
# Visual Studio 15
VisualStudioVersion = 15.0.27130.2027
MinimumVisualStudioVersion = 10.0.40219.1
Project("{FAE04EC0-301F-11D3-BF4B-00C04F79EFBC}") = "click_gas", "click_gas\click_gas.csproj", "{9889DDEB-0A3A-4758-A2B2-A590AFD33B84}"
EndProject
Global
	GlobalSection(SolutionConfigurationPlatforms) = preSolution
		Debug|Any CPU = Debug|Any CPU
		Release|Any CPU = Release|Any CPU
	EndGlobalSection
	GlobalSection(ProjectConfigurationPlatforms) = postSolution
		{9889DDEB-0A3A-4758-A2B2-A590AFD33B84}.Debug|Any CPU.ActiveCfg = Debug|Any CPU
		{9889DDEB-0A3A-4758-A2B2-A590AFD33B84}.Debug|Any CPU.Build.0 = Debug|Any CPU
		{9889DDEB-0A3A-4758-A2B2-A590AFD33B84}.Release|Any CPU.ActiveCfg = Release|Any CPU
		{9889DDEB-0A3A-4758-A2B2-A590AFD33B84}.Release|Any CPU.Build.0 = Release|Any CPU
	EndGlobalSection
	GlobalSection(SolutionProperties) = preSolution
		HideSolutionNode = FALSE
	EndGlobalSection
	GlobalSection(ExtensibilityGlobals) = postSolution
		SolutionGuid = {839A1661-367F-44C0-A853-CD51F6440A12}
	EndGlobalSection
EndGlobal
